// !$*UTF8*$!
{
	archiveVersion = 1;
	classes = {
	};
	objectVersion = 46;
	objects = {

/* Begin PBXFileReference section */
		840E6D3117FB255B00784B2A /* fix_PLD.txt */ = {isa = PBXFileReference; fileEncoding = 4; lastKnownFileType = text; path = fix_PLD.txt; sourceTree = "<group>"; };
		840E6D3217FB266300784B2A /* fix_FPED.txt */ = {isa = PBXFileReference; fileEncoding = 4; lastKnownFileType = text; path = fix_FPED.txt; sourceTree = "<group>"; };
		840E6D3317FB26C300784B2A /* fix_TNOT.txt */ = {isa = PBXFileReference; fileEncoding = 4; lastKnownFileType = text; path = fix_TNOT.txt; sourceTree = "<group>"; };
		840E6D3617FB285400784B2A /* graphics_HD3K_low.txt */ = {isa = PBXFileReference; fileEncoding = 4; lastKnownFileType = text; path = graphics_HD3K_low.txt; sourceTree = "<group>"; };
		840E6D3717FB286A00784B2A /* graphics_HD3K_high.txt */ = {isa = PBXFileReference; fileEncoding = 4; lastKnownFileType = text; path = graphics_HD3K_high.txt; sourceTree = "<group>"; };
		840E6D3817FB287900784B2A /* graphics_HD4K_low.txt */ = {isa = PBXFileReference; fileEncoding = 4; lastKnownFileType = text; path = graphics_HD4K_low.txt; sourceTree = "<group>"; };
		840E6D3917FB288A00784B2A /* graphics_HD4K_high.txt */ = {isa = PBXFileReference; fileEncoding = 4; lastKnownFileType = text; path = graphics_HD4K_high.txt; sourceTree = "<group>"; };
		840E6D3A17FB294000784B2A /* graphics_MEI_sandy.txt */ = {isa = PBXFileReference; fileEncoding = 4; lastKnownFileType = text; path = graphics_MEI_sandy.txt; sourceTree = "<group>"; };
		8410973618108F8000829904 /* system_WAK1.txt */ = {isa = PBXFileReference; fileEncoding = 4; lastKnownFileType = text; path = system_WAK1.txt; sourceTree = "<group>"; };
		84109737181090AE00829904 /* system_WAK2.txt */ = {isa = PBXFileReference; fileEncoding = 4; lastKnownFileType = text; path = system_WAK2.txt; sourceTree = "<group>"; };
		841347881805D3180055B67A /* system_IRQ.txt */ = {isa = PBXFileReference; fileEncoding = 4; lastKnownFileType = text; path = system_IRQ.txt; sourceTree = "<group>"; };
		841D311917FB71C600EA5675 /* wifi_AR9285-RP02-PXSX.txt */ = {isa = PBXFileReference; fileEncoding = 4; lastKnownFileType = text; path = "wifi_AR9285-RP02-PXSX.txt"; sourceTree = "<group>"; };
		841D311A17FB71C600EA5675 /* wifi_AR9285-RP02-WLAN.txt */ = {isa = PBXFileReference; fileEncoding = 4; lastKnownFileType = text; path = "wifi_AR9285-RP02-WLAN.txt"; sourceTree = "<group>"; };
		841D311B17FB71C600EA5675 /* wifi_AR9285-RP02-WNIC.txt */ = {isa = PBXFileReference; fileEncoding = 4; lastKnownFileType = text; path = "wifi_AR9285-RP02-WNIC.txt"; sourceTree = "<group>"; };
		841D311C17FB71C600EA5675 /* wifi_AR9285-RP03-PXSX.txt */ = {isa = PBXFileReference; fileEncoding = 4; lastKnownFileType = text; path = "wifi_AR9285-RP03-PXSX.txt"; sourceTree = "<group>"; };
		841F8DE817FB541900C36F76 /* battery_Lenovo-Twist.txt */ = {isa = PBXFileReference; fileEncoding = 4; lastKnownFileType = text; path = "battery_Lenovo-Twist.txt"; sourceTree = "<group>"; };
		842108E9180F3E4300905120 /* battery_HP-Envy-17t.txt */ = {isa = PBXFileReference; fileEncoding = 4; lastKnownFileType = text; path = "battery_HP-Envy-17t.txt"; sourceTree = "<group>"; };
		842F531617FB301B001CF33B /* battery_Acer-Aspire-4830T.txt */ = {isa = PBXFileReference; fileEncoding = 4; lastKnownFileType = text; path = "battery_Acer-Aspire-4830T.txt"; sourceTree = "<group>"; };
		842F531717FB301B001CF33B /* battery_Acer-Aspire-5750g.txt */ = {isa = PBXFileReference; fileEncoding = 4; lastKnownFileType = text; path = "battery_Acer-Aspire-5750g.txt"; sourceTree = "<group>"; };
		842F531817FB301B001CF33B /* battery_ASUS-N55SL.txt */ = {isa = PBXFileReference; fileEncoding = 4; lastKnownFileType = text; path = "battery_ASUS-N55SL.txt"; sourceTree = "<group>"; };
		842F531917FB301B001CF33B /* battery_Compaq-CQ60.txt */ = {isa = PBXFileReference; fileEncoding = 4; lastKnownFileType = text; path = "battery_Compaq-CQ60.txt"; sourceTree = "<group>"; };
		842F531A17FB301B001CF33B /* battery_Dell-XPS-13.txt */ = {isa = PBXFileReference; fileEncoding = 4; lastKnownFileType = text; path = "battery_Dell-XPS-13.txt"; sourceTree = "<group>"; };
		842F531B17FB301B001CF33B /* battery_HP-Envy-DV6.txt */ = {isa = PBXFileReference; fileEncoding = 4; lastKnownFileType = text; path = "battery_HP-Envy-DV6.txt"; sourceTree = "<group>"; };
		842F531C17FB301B001CF33B /* battery_HP-G6-2221ss.txt */ = {isa = PBXFileReference; fileEncoding = 4; lastKnownFileType = text; path = "battery_HP-G6-2221ss.txt"; sourceTree = "<group>"; };
		842F531D17FB301B001CF33B /* battery_Lenovo-X220.txt */ = {isa = PBXFileReference; fileEncoding = 4; lastKnownFileType = text; path = "battery_Lenovo-X220.txt"; sourceTree = "<group>"; };
		842F531E17FB301B001CF33B /* battery_Lenovo-Ux10-Z580.txt */ = {isa = PBXFileReference; fileEncoding = 4; lastKnownFileType = text; path = "battery_Lenovo-Ux10-Z580.txt"; sourceTree = "<group>"; };
		842F531F17FB301B001CF33B /* battery_Lenovo-y580.txt */ = {isa = PBXFileReference; fileEncoding = 4; lastKnownFileType = text; path = "battery_Lenovo-y580.txt"; sourceTree = "<group>"; };
		842F532217FB3114001CF33B /* battery_Samsung-RF411.txt */ = {isa = PBXFileReference; fileEncoding = 4; lastKnownFileType = text; path = "battery_Samsung-RF411.txt"; sourceTree = "<group>"; };
		842F532317FB3114001CF33B /* battery_Samsung-Series3-NP300.txt */ = {isa = PBXFileReference; fileEncoding = 4; lastKnownFileType = text; path = "battery_Samsung-Series3-NP300.txt"; sourceTree = "<group>"; };
		842F532417FB3114001CF33B /* battery_Sony-VAIO-S.txt */ = {isa = PBXFileReference; fileEncoding = 4; lastKnownFileType = text; path = "battery_Sony-VAIO-S.txt"; sourceTree = "<group>"; };
		842F532517FB3114001CF33B /* battery_Sony-VAIO-SVE1511.txt */ = {isa = PBXFileReference; fileEncoding = 4; lastKnownFileType = text; path = "battery_Sony-VAIO-SVE1511.txt"; sourceTree = "<group>"; };
		8436750118359126000618D0 /* battery_Acer-S7-391.txt */ = {isa = PBXFileReference; fileEncoding = 4; lastKnownFileType = text; path = "battery_Acer-S7-391.txt"; sourceTree = "<group>"; };
		8437E5C21803BDD4006BB819 /* control_AcerFan.txt */ = {isa = PBXFileReference; fileEncoding = 4; lastKnownFileType = text; path = control_AcerFan.txt; sourceTree = "<group>"; };
		843D33E71832C37F00C347A4 /* battery_Dell-Vostro-15xx.txt */ = {isa = PBXFileReference; fileEncoding = 4; lastKnownFileType = text; path = "battery_Dell-Vostro-15xx.txt"; sourceTree = "<group>"; };
		8455C5E01809953B00F919D7 /* fix_IRC.txt */ = {isa = PBXFileReference; fileEncoding = 4; lastKnownFileType = text; path = fix_IRC.txt; sourceTree = "<group>"; };
		845B33B8182C17A1000F2476 /* battery_HP-Envy-14.txt */ = {isa = PBXFileReference; fileEncoding = 4; lastKnownFileType = text; path = "battery_HP-Envy-14.txt"; sourceTree = "<group>"; };
		845DB3F618025D7C00B4EF70 /* graphics_EDID.txt */ = {isa = PBXFileReference; fileEncoding = 4; lastKnownFileType = text; path = graphics_EDID.txt; sourceTree = "<group>"; };
		845FE5EF1702639F004601B0 /* .maciasl */ = {isa = PBXFileReference; fileEncoding = 4; lastKnownFileType = text; path = .maciasl; sourceTree = "<group>"; usesTabs = 1; };
		84624C9818219322004C34DA /* battery_HP-DV7-6xxx.txt */ = {isa = PBXFileReference; fileEncoding = 4; lastKnownFileType = text; path = "battery_HP-DV7-6xxx.txt"; sourceTree = "<group>"; };
		846576DA1806D6DC00AB21B7 /* system_HPET.txt */ = {isa = PBXFileReference; fileEncoding = 4; lastKnownFileType = text; path = system_HPET.txt; sourceTree = "<group>"; };
		846658C817FB81FB000FBC62 /* fix_FDE.txt */ = {isa = PBXFileReference; fileEncoding = 4; lastKnownFileType = text; path = fix_FDE.txt; sourceTree = "<group>"; };
		846D670717FB7C3800F795FA /* graphics_Rename-GFX0.txt */ = {isa = PBXFileReference; fileEncoding = 4; lastKnownFileType = text; path = "graphics_Rename-GFX0.txt"; sourceTree = "<group>"; };
		8484672A180F0C3600DD3D99 /* battery_HP-DV7-7xxx.txt */ = {isa = PBXFileReference; fileEncoding = 4; lastKnownFileType = text; path = "battery_HP-DV7-7xxx.txt"; sourceTree = "<group>"; };
		8498961A1811D4A80086DF6C /* system_Mutex.txt */ = {isa = PBXFileReference; fileEncoding = 4; lastKnownFileType = text; path = system_Mutex.txt; sourceTree = "<group>"; };
		8499201B18060CDF00F1FC19 /* battery_HP-Spectre-XT.txt */ = {isa = PBXFileReference; fileEncoding = 4; lastKnownFileType = text; path = "battery_HP-Spectre-XT.txt"; sourceTree = "<group>"; };
		8499C9761704B5F70066A5F3 /* NullPatch.txt */ = {isa = PBXFileReference; lastKnownFileType = text; path = NullPatch.txt; sourceTree = "<group>"; };
		849B7B29180B859900B76D3C /* usb_7-series-multiplex.txt */ = {isa = PBXFileReference; fileEncoding = 4; lastKnownFileType = text; path = "usb_7-series-multiplex.txt"; sourceTree = "<group>"; };
		84A74C271805D3CE009DAAAF /* system_SMBUS.txt */ = {isa = PBXFileReference; fileEncoding = 4; lastKnownFileType = text; path = system_SMBUS.txt; sourceTree = "<group>"; };
		84A74C281805D410009DAAAF /* system_RTC.txt */ = {isa = PBXFileReference; fileEncoding = 4; lastKnownFileType = text; path = system_RTC.txt; sourceTree = "<group>"; };
		84A74C291805D49F009DAAAF /* system_Shutdown.txt */ = {isa = PBXFileReference; fileEncoding = 4; lastKnownFileType = text; path = system_Shutdown.txt; sourceTree = "<group>"; };
		84AAF75B17FE027A0088DB40 /* graphics_MEI_ivy.txt */ = {isa = PBXFileReference; fileEncoding = 4; lastKnownFileType = text; path = graphics_MEI_ivy.txt; sourceTree = "<group>"; };
		84AE72BE180DBA4700E29861 /* system_MCHC.txt */ = {isa = PBXFileReference; fileEncoding = 4; lastKnownFileType = text; path = system_MCHC.txt; sourceTree = "<group>"; };
		84AFCB7417FB2B800089486F /* usb_6-series.txt */ = {isa = PBXFileReference; fileEncoding = 4; lastKnownFileType = text; path = "usb_6-series.txt"; sourceTree = "<group>"; };
		84AFCB7517FB2B8F0089486F /* usb_7-series.txt */ = {isa = PBXFileReference; fileEncoding = 4; lastKnownFileType = text; path = "usb_7-series.txt"; sourceTree = "<group>"; };
		84AFCB7717FB2C7A0089486F /* graphics_PNLF.txt */ = {isa = PBXFileReference; fileEncoding = 4; lastKnownFileType = text; path = graphics_PNLF.txt; sourceTree = "<group>"; };
		84B7DC531808792C00CAA692 /* audio_HDEF-layout12a.txt */ = {isa = PBXFileReference; fileEncoding = 4; lastKnownFileType = text; path = "audio_HDEF-layout12a.txt"; sourceTree = "<group>"; };
		84B9D52516FFE684002CD441 /* License.md */ = {isa = PBXFileReference; fileEncoding = 4; lastKnownFileType = text; path = License.md; sourceTree = "<group>"; };
		84B9D52716FFE684002CD441 /* README.txt */ = {isa = PBXFileReference; fileEncoding = 4; lastKnownFileType = text; path = README.txt; sourceTree = "<group>"; };
		84CD226F18246E1B0076EF62 /* battery_HP-ProBook-Generic.txt */ = {isa = PBXFileReference; fileEncoding = 4; lastKnownFileType = text; path = "battery_HP-ProBook-Generic.txt"; sourceTree = "<group>"; };
		84D170BD180971C500A4C748 /* system_ADP1.txt */ = {isa = PBXFileReference; fileEncoding = 4; lastKnownFileType = text; path = system_ADP1.txt; sourceTree = "<group>"; };
		84D447031836DA1B006B6FEA /* battery_Dell-XPS-18.txt */ = {isa = PBXFileReference; fileEncoding = 4; lastKnownFileType = text; path = "battery_Dell-XPS-18.txt"; sourceTree = "<group>"; };
		84F42CD51809F576003AE042 /* usb_6-series-id.txt */ = {isa = PBXFileReference; fileEncoding = 4; lastKnownFileType = text; path = "usb_6-series-id.txt"; sourceTree = "<group>"; };
		84F42CD61809F585003AE042 /* usb_7-series-id.txt */ = {isa = PBXFileReference; fileEncoding = 4; lastKnownFileType = text; path = "usb_7-series-id.txt"; sourceTree = "<group>"; };
		84F5D32C1806FCC90013F884 /* system_OSYS.txt */ = {isa = PBXFileReference; fileEncoding = 4; lastKnownFileType = text; path = system_OSYS.txt; sourceTree = "<group>"; };
		84F8BB9D1806D4A800BD0774 /* audio_HDEF-layout12.txt */ = {isa = PBXFileReference; fileEncoding = 4; lastKnownFileType = text; path = "audio_HDEF-layout12.txt"; sourceTree = "<group>"; };
/* End PBXFileReference section */

/* Begin PBXGroup section */
		840E6D3517FB271C00784B2A /* Syntax Errors */ = {
			isa = PBXGroup;
			children = (
				846658C817FB81FB000FBC62 /* fix_FDE.txt */,
				840E6D3217FB266300784B2A /* fix_FPED.txt */,
				840E6D3117FB255B00784B2A /* fix_PLD.txt */,
				840E6D3317FB26C300784B2A /* fix_TNOT.txt */,
				8455C5E01809953B00F919D7 /* fix_IRC.txt */,
			);
			name = "Syntax Errors";
			sourceTree = "<group>";
		};
		840E6D3B17FB297000784B2A /* Intel Graphics */ = {
			isa = PBXGroup;
			children = (
				840E6D3617FB285400784B2A /* graphics_HD3K_low.txt */,
				840E6D3817FB287900784B2A /* graphics_HD4K_low.txt */,
				840E6D3717FB286A00784B2A /* graphics_HD3K_high.txt */,
				840E6D3917FB288A00784B2A /* graphics_HD4K_high.txt */,
				845DB3F618025D7C00B4EF70 /* graphics_EDID.txt */,
				840E6D3A17FB294000784B2A /* graphics_MEI_sandy.txt */,
				84AAF75B17FE027A0088DB40 /* graphics_MEI_ivy.txt */,
				84AFCB7717FB2C7A0089486F /* graphics_PNLF.txt */,
				846D670717FB7C3800F795FA /* graphics_Rename-GFX0.txt */,
			);
			name = "Intel Graphics";
			sourceTree = "<group>";
		};
		841347891805D31F0055B67A /* System */ = {
			isa = PBXGroup;
			children = (
				841347881805D3180055B67A /* system_IRQ.txt */,
				84A74C271805D3CE009DAAAF /* system_SMBUS.txt */,
				84A74C281805D410009DAAAF /* system_RTC.txt */,
				84A74C291805D49F009DAAAF /* system_Shutdown.txt */,
				846576DA1806D6DC00AB21B7 /* system_HPET.txt */,
				84F5D32C1806FCC90013F884 /* system_OSYS.txt */,
				84D170BD180971C500A4C748 /* system_ADP1.txt */,
				84AE72BE180DBA4700E29861 /* system_MCHC.txt */,
				8410973618108F8000829904 /* system_WAK1.txt */,
				84109737181090AE00829904 /* system_WAK2.txt */,
				8498961A1811D4A80086DF6C /* system_Mutex.txt */,
			);
			name = System;
			sourceTree = "<group>";
		};
		841D311E17FB71DC00EA5675 /* AR9285 WiFi */ = {
			isa = PBXGroup;
			children = (
				841D311917FB71C600EA5675 /* wifi_AR9285-RP02-PXSX.txt */,
				841D311A17FB71C600EA5675 /* wifi_AR9285-RP02-WLAN.txt */,
				841D311B17FB71C600EA5675 /* wifi_AR9285-RP02-WNIC.txt */,
				841D311C17FB71C600EA5675 /* wifi_AR9285-RP03-PXSX.txt */,
			);
			name = "AR9285 WiFi";
			sourceTree = "<group>";
		};
		842F532117FB302D001CF33B /* Battery Status */ = {
			isa = PBXGroup;
			children = (
				842F531617FB301B001CF33B /* battery_Acer-Aspire-4830T.txt */,
				842F531717FB301B001CF33B /* battery_Acer-Aspire-5750g.txt */,
				8436750118359126000618D0 /* battery_Acer-S7-391.txt */,
				842F531817FB301B001CF33B /* battery_ASUS-N55SL.txt */,
				842F531917FB301B001CF33B /* battery_Compaq-CQ60.txt */,
				843D33E71832C37F00C347A4 /* battery_Dell-Vostro-15xx.txt */,
				842F531A17FB301B001CF33B /* battery_Dell-XPS-13.txt */,
				84D447031836DA1B006B6FEA /* battery_Dell-XPS-18.txt */,
				84624C9818219322004C34DA /* battery_HP-DV7-6xxx.txt */,
				8484672A180F0C3600DD3D99 /* battery_HP-DV7-7xxx.txt */,
				845B33B8182C17A1000F2476 /* battery_HP-Envy-14.txt */,
				842108E9180F3E4300905120 /* battery_HP-Envy-17t.txt */,
				842F531B17FB301B001CF33B /* battery_HP-Envy-DV6.txt */,
				842F531C17FB301B001CF33B /* battery_HP-G6-2221ss.txt */,
				84CD226F18246E1B0076EF62 /* battery_HP-ProBook-Generic.txt */,
				8499201B18060CDF00F1FC19 /* battery_HP-Spectre-XT.txt */,
				841F8DE817FB541900C36F76 /* battery_Lenovo-Twist.txt */,
				842F531E17FB301B001CF33B /* battery_Lenovo-Ux10-Z580.txt */,
				842F531D17FB301B001CF33B /* battery_Lenovo-X220.txt */,
				842F531F17FB301B001CF33B /* battery_Lenovo-y580.txt */,
				842F532217FB3114001CF33B /* battery_Samsung-RF411.txt */,
				842F532317FB3114001CF33B /* battery_Samsung-Series3-NP300.txt */,
				842F532417FB3114001CF33B /* battery_Sony-VAIO-S.txt */,
				842F532517FB3114001CF33B /* battery_Sony-VAIO-SVE1511.txt */,
			);
			name = "Battery Status";
			sourceTree = "<group>";
		};
		8437E5C31803BDDD006BB819 /* Fan Control */ = {
			isa = PBXGroup;
			children = (
				8437E5C21803BDD4006BB819 /* control_AcerFan.txt */,
			);
			name = "Fan Control";
			sourceTree = "<group>";
		};
		84AFCB7617FB2C520089486F /* USB (EHCI-XHCI) */ = {
			isa = PBXGroup;
			children = (
				84AFCB7417FB2B800089486F /* usb_6-series.txt */,
				84AFCB7517FB2B8F0089486F /* usb_7-series.txt */,
				84F42CD51809F576003AE042 /* usb_6-series-id.txt */,
				84F42CD61809F585003AE042 /* usb_7-series-id.txt */,
				849B7B29180B859900B76D3C /* usb_7-series-multiplex.txt */,
			);
			name = "USB (EHCI-XHCI)";
			sourceTree = "<group>";
		};
		84B9D50E16FFE58F002CD441 = {
			isa = PBXGroup;
			children = (
				845FE5EF1702639F004601B0 /* .maciasl */,
				8499C9761704B5F70066A5F3 /* NullPatch.txt */,
				84B9D52516FFE684002CD441 /* License.md */,
				84B9D52716FFE684002CD441 /* README.txt */,
				840E6D3517FB271C00784B2A /* Syntax Errors */,
				840E6D3B17FB297000784B2A /* Intel Graphics */,
				84AFCB7617FB2C520089486F /* USB (EHCI-XHCI) */,
				842F532117FB302D001CF33B /* Battery Status */,
				841D311E17FB71DC00EA5675 /* AR9285 WiFi */,
				8437E5C31803BDDD006BB819 /* Fan Control */,
				841347891805D31F0055B67A /* System */,
				84F8BB9E1806D51000BD0774 /* Audio */,
			);
			sourceTree = "<group>";
		};
		84F8BB9E1806D51000BD0774 /* Audio */ = {
			isa = PBXGroup;
			children = (
				84F8BB9D1806D4A800BD0774 /* audio_HDEF-layout12.txt */,
				84B7DC531808792C00CAA692 /* audio_HDEF-layout12a.txt */,
			);
			name = Audio;
			sourceTree = "<group>";
		};
/* End PBXGroup section */

/* Begin PBXLegacyTarget section */
		84B9D51316FFE58F002CD441 /* Patches */ = {
			isa = PBXLegacyTarget;
			buildArgumentsString = "$(ACTION)";
			buildConfigurationList = 84B9D51616FFE58F002CD441 /* Build configuration list for PBXLegacyTarget "Patches" */;
			buildPhases = (
			);
			buildToolPath = /usr/bin/make;
			dependencies = (
			);
			name = Patches;
			passBuildSettingsInEnvironment = 1;
			productName = Patches;
		};
/* End PBXLegacyTarget section */

/* Begin PBXProject section */
		84B9D50F16FFE58F002CD441 /* Project object */ = {
			isa = PBXProject;
			attributes = {
				LastUpgradeCheck = 0500;
				ORGANIZATIONNAME = RehabMan;
			};
			buildConfigurationList = 84B9D51216FFE58F002CD441 /* Build configuration list for PBXProject "Patches" */;
			compatibilityVersion = "Xcode 3.2";
			developmentRegion = English;
			hasScannedForEncodings = 0;
			knownRegions = (
				en,
			);
			mainGroup = 84B9D50E16FFE58F002CD441;
			projectDirPath = "";
			projectRoot = "";
			targets = (
				84B9D51316FFE58F002CD441 /* Patches */,
			);
		};
/* End PBXProject section */

/* Begin XCBuildConfiguration section */
		84B9D51516FFE58F002CD441 /* Release */ = {
			isa = XCBuildConfiguration;
			buildSettings = {
				ALWAYS_SEARCH_USER_PATHS = NO;
				CLANG_CXX_LANGUAGE_STANDARD = "gnu++0x";
				CLANG_CXX_LIBRARY = "libc++";
				CLANG_WARN_CONSTANT_CONVERSION = YES;
				CLANG_WARN_EMPTY_BODY = YES;
				CLANG_WARN_ENUM_CONVERSION = YES;
				CLANG_WARN_INT_CONVERSION = YES;
				CLANG_WARN__DUPLICATE_METHOD_MATCH = YES;
				COPY_PHASE_STRIP = YES;
				DEBUG_INFORMATION_FORMAT = "dwarf-with-dsym";
				GCC_C_LANGUAGE_STANDARD = gnu99;
				GCC_ENABLE_OBJC_EXCEPTIONS = YES;
				GCC_WARN_64_TO_32_BIT_CONVERSION = YES;
				GCC_WARN_ABOUT_RETURN_TYPE = YES;
				GCC_WARN_UNINITIALIZED_AUTOS = YES;
				GCC_WARN_UNUSED_VARIABLE = YES;
				MACOSX_DEPLOYMENT_TARGET = 10.8;
				SDKROOT = macosx;
			};
			name = Release;
		};
		84B9D51816FFE58F002CD441 /* Release */ = {
			isa = XCBuildConfiguration;
			buildSettings = {
				OTHER_CFLAGS = "";
				OTHER_LDFLAGS = "";
				PRODUCT_NAME = "$(TARGET_NAME)";
			};
			name = Release;
		};
/* End XCBuildConfiguration section */

/* Begin XCConfigurationList section */
		84B9D51216FFE58F002CD441 /* Build configuration list for PBXProject "Patches" */ = {
			isa = XCConfigurationList;
			buildConfigurations = (
				84B9D51516FFE58F002CD441 /* Release */,
			);
			defaultConfigurationIsVisible = 0;
			defaultConfigurationName = Release;
		};
		84B9D51616FFE58F002CD441 /* Build configuration list for PBXLegacyTarget "Patches" */ = {
			isa = XCConfigurationList;
			buildConfigurations = (
				84B9D51816FFE58F002CD441 /* Release */,
			);
			defaultConfigurationIsVisible = 0;
			defaultConfigurationName = Release;
		};
/* End XCConfigurationList section */
	};
	rootObject = 84B9D50F16FFE58F002CD441 /* Project object */;
}
